{
    "_meta": {
        "hash": {
            "sha256": "400693c320984b985f8b7fe01fbbb39c753ee03e74e1d0115d25a1012b4d0245"
        },
        "pipfile-spec": 6,
        "requires": {
            "python_version": "3.7"
        },
        "sources": [
            {
                "name": "pypi",
                "url": "https://pypi.org/simple",
                "verify_ssl": true
            }
        ]
    },
    "default": {
        "django": {
            "hashes": [
                "sha256:c007dba5086061f7d0f4d88a3bc4016d881a7eede86d6c1c4fdbbaadddd53f1d",
                "sha256:c213590aa8599b17a9a914ab017f7dc6fc16c9c69603ecf071100346b8d9d777"
            ],
            "index": "pypi",
            "version": "==1.9.13"
        },
        "django-debug-toolbar": {
            "hashes": [
                "sha256:4af2a4e1e932dadbda197b18585962d4fc20172b4e5a479490bc659fe998864d",
                "sha256:d9ea75659f76d8f1e3eb8f390b47fc5bad0908d949c34a8a3c4c87978eb40a0f"
            ],
            "index": "pypi",
            "version": "==1.9.1"
        },
        "sqlparse": {
            "hashes": [
                "sha256:40afe6b8d4b1117e7dff5504d7a8ce07d9a1b15aeeade8a2d10f130a834f8177",
                "sha256:7c3dca29c022744e95b547e867cee89f4fce4373f3549ccd8797d8eb52cdb873"
            ],
            "version": "==0.3.0"
        }
    },
    "develop": {}
}
